// !$*UTF8*$!
{
	archiveVersion = 1;
	classes = {
	};
	objectVersion = 50;
	objects = {

/* Begin PBXBuildFile section */
		84F9335623F835F00046F243 /* AppDelegate.swift in Sources */ = {isa = PBXBuildFile; fileRef = 84F9335523F835F00046F243 /* AppDelegate.swift */; };
		84F9335A23F835F00046F243 /* ViewController.swift in Sources */ = {isa = PBXBuildFile; fileRef = 84F9335923F835F00046F243 /* ViewController.swift */; };
		84F9335D23F835F00046F243 /* Main.storyboard in Resources */ = {isa = PBXBuildFile; fileRef = 84F9335B23F835F00046F243 /* Main.storyboard */; };
		84F9335F23F835F00046F243 /* Assets.xcassets in Resources */ = {isa = PBXBuildFile; fileRef = 84F9335E23F835F00046F243 /* Assets.xcassets */; };
		84F9336223F835F00046F243 /* LaunchScreen.storyboard in Resources */ = {isa = PBXBuildFile; fileRef = 84F9336023F835F00046F243 /* LaunchScreen.storyboard */; };
		84F9336D23F835F00046F243 /* MovieWorldTests.swift in Sources */ = {isa = PBXBuildFile; fileRef = 84F9336C23F835F00046F243 /* MovieWorldTests.swift */; };
		84F9337823F835F10046F243 /* MovieWorldUITests.swift in Sources */ = {isa = PBXBuildFile; fileRef = 84F9337723F835F10046F243 /* MovieWorldUITests.swift */; };
		84F9338823F837830046F243 /* git_ignore.gitignore in Resources */ = {isa = PBXBuildFile; fileRef = 84F9338723F837820046F243 /* git_ignore.gitignore */; };
/* End PBXBuildFile section */

/* Begin PBXContainerItemProxy section */
		84F9336923F835F00046F243 /* PBXContainerItemProxy */ = {
			isa = PBXContainerItemProxy;
			containerPortal = 84F9334A23F835F00046F243 /* Project object */;
			proxyType = 1;
			remoteGlobalIDString = 84F9335123F835F00046F243;
			remoteInfo = MovieWorld;
		};
		84F9337423F835F10046F243 /* PBXContainerItemProxy */ = {
			isa = PBXContainerItemProxy;
			containerPortal = 84F9334A23F835F00046F243 /* Project object */;
			proxyType = 1;
			remoteGlobalIDString = 84F9335123F835F00046F243;
			remoteInfo = MovieWorld;
		};
/* End PBXContainerItemProxy section */

/* Begin PBXFileReference section */
		84F9335223F835F00046F243 /* MovieWorld.app */ = {isa = PBXFileReference; explicitFileType = wrapper.application; includeInIndex = 0; path = MovieWorld.app; sourceTree = BUILT_PRODUCTS_DIR; };
		84F9335523F835F00046F243 /* AppDelegate.swift */ = {isa = PBXFileReference; lastKnownFileType = sourcecode.swift; path = AppDelegate.swift; sourceTree = "<group>"; };
		84F9335923F835F00046F243 /* ViewController.swift */ = {isa = PBXFileReference; lastKnownFileType = sourcecode.swift; path = ViewController.swift; sourceTree = "<group>"; };
		84F9335C23F835F00046F243 /* Base */ = {isa = PBXFileReference; lastKnownFileType = file.storyboard; name = Base; path = Base.lproj/Main.storyboard; sourceTree = "<group>"; };
		84F9335E23F835F00046F243 /* Assets.xcassets */ = {isa = PBXFileReference; lastKnownFileType = folder.assetcatalog; path = Assets.xcassets; sourceTree = "<group>"; };
		84F9336123F835F00046F243 /* Base */ = {isa = PBXFileReference; lastKnownFileType = file.storyboard; name = Base; path = Base.lproj/LaunchScreen.storyboard; sourceTree = "<group>"; };
		84F9336323F835F00046F243 /* Info.plist */ = {isa = PBXFileReference; lastKnownFileType = text.plist.xml; path = Info.plist; sourceTree = "<group>"; };
		84F9336823F835F00046F243 /* MovieWorldTests.xctest */ = {isa = PBXFileReference; explicitFileType = wrapper.cfbundle; includeInIndex = 0; path = MovieWorldTests.xctest; sourceTree = BUILT_PRODUCTS_DIR; };
		84F9336C23F835F00046F243 /* MovieWorldTests.swift */ = {isa = PBXFileReference; lastKnownFileType = sourcecode.swift; path = MovieWorldTests.swift; sourceTree = "<group>"; };
		84F9336E23F835F00046F243 /* Info.plist */ = {isa = PBXFileReference; lastKnownFileType = text.plist.xml; path = Info.plist; sourceTree = "<group>"; };
		84F9337323F835F10046F243 /* MovieWorldUITests.xctest */ = {isa = PBXFileReference; explicitFileType = wrapper.cfbundle; includeInIndex = 0; path = MovieWorldUITests.xctest; sourceTree = BUILT_PRODUCTS_DIR; };
		84F9337723F835F10046F243 /* MovieWorldUITests.swift */ = {isa = PBXFileReference; lastKnownFileType = sourcecode.swift; path = MovieWorldUITests.swift; sourceTree = "<group>"; };
		84F9337923F835F10046F243 /* Info.plist */ = {isa = PBXFileReference; lastKnownFileType = text.plist.xml; path = Info.plist; sourceTree = "<group>"; };
		84F9338723F837820046F243 /* git_ignore.gitignore */ = {isa = PBXFileReference; fileEncoding = 4; lastKnownFileType = text; name = git_ignore.gitignore; path = "../../Library/Containers/com.apple.mail/Data/Library/Mail Downloads/05165B06-B26C-4196-A0DD-42F21EA9CD2B/git_ignore.gitignore"; sourceTree = "<group>"; };
/* End PBXFileReference section */

/* Begin PBXFrameworksBuildPhase section */
		84F9334F23F835F00046F243 /* Frameworks */ = {
			isa = PBXFrameworksBuildPhase;
			buildActionMask = 2147483647;
			files = (
			);
			runOnlyForDeploymentPostprocessing = 0;
		};
		84F9336523F835F00046F243 /* Frameworks */ = {
			isa = PBXFrameworksBuildPhase;
			buildActionMask = 2147483647;
			files = (
			);
			runOnlyForDeploymentPostprocessing = 0;
		};
		84F9337023F835F10046F243 /* Frameworks */ = {
			isa = PBXFrameworksBuildPhase;
			buildActionMask = 2147483647;
			files = (
			);
			runOnlyForDeploymentPostprocessing = 0;
		};
/* End PBXFrameworksBuildPhase section */

/* Begin PBXGroup section */
		84F9334923F835F00046F243 = {
			isa = PBXGroup;
			children = (
				84F9335423F835F00046F243 /* MovieWorld */,
				84F9336B23F835F00046F243 /* MovieWorldTests */,
				84F9337623F835F10046F243 /* MovieWorldUITests */,
				84F9335323F835F00046F243 /* Products */,
				84F9338723F837820046F243 /* git_ignore.gitignore */,
			);
			sourceTree = "<group>";
		};
		84F9335323F835F00046F243 /* Products */ = {
			isa = PBXGroup;
			children = (
				84F9335223F835F00046F243 /* MovieWorld.app */,
				84F9336823F835F00046F243 /* MovieWorldTests.xctest */,
				84F9337323F835F10046F243 /* MovieWorldUITests.xctest */,
			);
			name = Products;
			sourceTree = "<group>";
		};
		84F9335423F835F00046F243 /* MovieWorld */ = {
			isa = PBXGroup;
			children = (
				84F9335523F835F00046F243 /* AppDelegate.swift */,
				84F9335923F835F00046F243 /* ViewController.swift */,
				84F9335B23F835F00046F243 /* Main.storyboard */,
				84F9335E23F835F00046F243 /* Assets.xcassets */,
				84F9336023F835F00046F243 /* LaunchScreen.storyboard */,
				84F9336323F835F00046F243 /* Info.plist */,
			);
			path = MovieWorld;
			sourceTree = "<group>";
		};
		84F9336B23F835F00046F243 /* MovieWorldTests */ = {
			isa = PBXGroup;
			children = (
				84F9336C23F835F00046F243 /* MovieWorldTests.swift */,
				84F9336E23F835F00046F243 /* Info.plist */,
			);
			path = MovieWorldTests;
			sourceTree = "<group>";
		};
		84F9337623F835F10046F243 /* MovieWorldUITests */ = {
			isa = PBXGroup;
			children = (
				84F9337723F835F10046F243 /* MovieWorldUITests.swift */,
				84F9337923F835F10046F243 /* Info.plist */,
			);
			path = MovieWorldUITests;
			sourceTree = "<group>";
		};
/* End PBXGroup section */

/* Begin PBXNativeTarget section */
		84F9335123F835F00046F243 /* MovieWorld */ = {
			isa = PBXNativeTarget;
			buildConfigurationList = 84F9337C23F835F10046F243 /* Build configuration list for PBXNativeTarget "MovieWorld" */;
			buildPhases = (
				84F9334E23F835F00046F243 /* Sources */,
				84F9334F23F835F00046F243 /* Frameworks */,
				84F9335023F835F00046F243 /* Resources */,
			);
			buildRules = (
			);
			dependencies = (
			);
			name = MovieWorld;
			productName = MovieWorld;
			productReference = 84F9335223F835F00046F243 /* MovieWorld.app */;
			productType = "com.apple.product-type.application";
		};
		84F9336723F835F00046F243 /* MovieWorldTests */ = {
			isa = PBXNativeTarget;
			buildConfigurationList = 84F9337F23F835F10046F243 /* Build configuration list for PBXNativeTarget "MovieWorldTests" */;
			buildPhases = (
				84F9336423F835F00046F243 /* Sources */,
				84F9336523F835F00046F243 /* Frameworks */,
				84F9336623F835F00046F243 /* Resources */,
			);
			buildRules = (
			);
			dependencies = (
				84F9336A23F835F00046F243 /* PBXTargetDependency */,
			);
			name = MovieWorldTests;
			productName = MovieWorldTests;
			productReference = 84F9336823F835F00046F243 /* MovieWorldTests.xctest */;
			productType = "com.apple.product-type.bundle.unit-test";
		};
		84F9337223F835F10046F243 /* MovieWorldUITests */ = {
			isa = PBXNativeTarget;
			buildConfigurationList = 84F9338223F835F10046F243 /* Build configuration list for PBXNativeTarget "MovieWorldUITests" */;
			buildPhases = (
				84F9336F23F835F10046F243 /* Sources */,
				84F9337023F835F10046F243 /* Frameworks */,
				84F9337123F835F10046F243 /* Resources */,
			);
			buildRules = (
			);
			dependencies = (
				84F9337523F835F10046F243 /* PBXTargetDependency */,
			);
			name = MovieWorldUITests;
			productName = MovieWorldUITests;
			productReference = 84F9337323F835F10046F243 /* MovieWorldUITests.xctest */;
			productType = "com.apple.product-type.bundle.ui-testing";
		};
/* End PBXNativeTarget section */

/* Begin PBXProject section */
		84F9334A23F835F00046F243 /* Project object */ = {
			isa = PBXProject;
			attributes = {
				LastSwiftUpdateCheck = 1130;
				LastUpgradeCheck = 1130;
				ORGANIZATIONNAME = "Admin\U0010\U0010";
				TargetAttributes = {
					84F9335123F835F00046F243 = {
						CreatedOnToolsVersion = 11.3;
					};
					84F9336723F835F00046F243 = {
						CreatedOnToolsVersion = 11.3;
						TestTargetID = 84F9335123F835F00046F243;
					};
					84F9337223F835F10046F243 = {
						CreatedOnToolsVersion = 11.3;
						TestTargetID = 84F9335123F835F00046F243;
					};
				};
			};
			buildConfigurationList = 84F9334D23F835F00046F243 /* Build configuration list for PBXProject "MovieWorld" */;
			compatibilityVersion = "Xcode 9.3";
			developmentRegion = en;
			hasScannedForEncodings = 0;
			knownRegions = (
				en,
				Base,
			);
			mainGroup = 84F9334923F835F00046F243;
			productRefGroup = 84F9335323F835F00046F243 /* Products */;
			projectDirPath = "";
			projectRoot = "";
			targets = (
				84F9335123F835F00046F243 /* MovieWorld */,
				84F9336723F835F00046F243 /* MovieWorldTests */,
				84F9337223F835F10046F243 /* MovieWorldUITests */,
			);
		};
/* End PBXProject section */

/* Begin PBXResourcesBuildPhase section */
		84F9335023F835F00046F243 /* Resources */ = {
			isa = PBXResourcesBuildPhase;
			buildActionMask = 2147483647;
			files = (
				84F9336223F835F00046F243 /* LaunchScreen.storyboard in Resources */,
				84F9338823F837830046F243 /* git_ignore.gitignore in Resources */,
				84F9335F23F835F00046F243 /* Assets.xcassets in Resources */,
				84F9335D23F835F00046F243 /* Main.storyboard in Resources */,
			);
			runOnlyForDeploymentPostprocessing = 0;
		};
		84F9336623F835F00046F243 /* Resources */ = {
			isa = PBXResourcesBuildPhase;
			buildActionMask = 2147483647;
			files = (
			);
			runOnlyForDeploymentPostprocessing = 0;
		};
		84F9337123F835F10046F243 /* Resources */ = {
			isa = PBXResourcesBuildPhase;
			buildActionMask = 2147483647;
			files = (
			);
			runOnlyForDeploymentPostprocessing = 0;
		};
/* End PBXResourcesBuildPhase section */

/* Begin PBXSourcesBuildPhase section */
		84F9334E23F835F00046F243 /* Sources */ = {
			isa = PBXSourcesBuildPhase;
			buildActionMask = 2147483647;
			files = (
				84F9335A23F835F00046F243 /* ViewController.swift in Sources */,
				84F9335623F835F00046F243 /* AppDelegate.swift in Sources */,
			);
			runOnlyForDeploymentPostprocessing = 0;
		};
		84F9336423F835F00046F243 /* Sources */ = {
			isa = PBXSourcesBuildPhase;
			buildActionMask = 2147483647;
			files = (
				84F9336D23F835F00046F243 /* MovieWorldTests.swift in Sources */,
			);
			runOnlyForDeploymentPostprocessing = 0;
		};
		84F9336F23F835F10046F243 /* Sources */ = {
			isa = PBXSourcesBuildPhase;
			buildActionMask = 2147483647;
			files = (
				84F9337823F835F10046F243 /* MovieWorldUITests.swift in Sources */,
			);
			runOnlyForDeploymentPostprocessing = 0;
		};
/* End PBXSourcesBuildPhase section */

/* Begin PBXTargetDependency section */
		84F9336A23F835F00046F243 /* PBXTargetDependency */ = {
			isa = PBXTargetDependency;
			target = 84F9335123F835F00046F243 /* MovieWorld */;
			targetProxy = 84F9336923F835F00046F243 /* PBXContainerItemProxy */;
		};
		84F9337523F835F10046F243 /* PBXTargetDependency */ = {
			isa = PBXTargetDependency;
			target = 84F9335123F835F00046F243 /* MovieWorld */;
			targetProxy = 84F9337423F835F10046F243 /* PBXContainerItemProxy */;
		};
/* End PBXTargetDependency section */

/* Begin PBXVariantGroup section */
		84F9335B23F835F00046F243 /* Main.storyboard */ = {
			isa = PBXVariantGroup;
			children = (
				84F9335C23F835F00046F243 /* Base */,
			);
			name = Main.storyboard;
			sourceTree = "<group>";
		};
		84F9336023F835F00046F243 /* LaunchScreen.storyboard */ = {
			isa = PBXVariantGroup;
			children = (
				84F9336123F835F00046F243 /* Base */,
			);
			name = LaunchScreen.storyboard;
			sourceTree = "<group>";
		};
/* End PBXVariantGroup section */

/* Begin XCBuildConfiguration section */
		84F9337A23F835F10046F243 /* Debug */ = {
			isa = XCBuildConfiguration;
			buildSettings = {
				ALWAYS_SEARCH_USER_PATHS = NO;
				CLANG_ANALYZER_NONNULL = YES;
				CLANG_ANALYZER_NUMBER_OBJECT_CONVERSION = YES_AGGRESSIVE;
				CLANG_CXX_LANGUAGE_STANDARD = "gnu++14";
				CLANG_CXX_LIBRARY = "libc++";
				CLANG_ENABLE_MODULES = YES;
				CLANG_ENABLE_OBJC_ARC = YES;
				CLANG_ENABLE_OBJC_WEAK = YES;
				CLANG_WARN_BLOCK_CAPTURE_AUTORELEASING = YES;
				CLANG_WARN_BOOL_CONVERSION = YES;
				CLANG_WARN_COMMA = YES;
				CLANG_WARN_CONSTANT_CONVERSION = YES;
				CLANG_WARN_DEPRECATED_OBJC_IMPLEMENTATIONS = YES;
				CLANG_WARN_DIRECT_OBJC_ISA_USAGE = YES_ERROR;
				CLANG_WARN_DOCUMENTATION_COMMENTS = YES;
				CLANG_WARN_EMPTY_BODY = YES;
				CLANG_WARN_ENUM_CONVERSION = YES;
				CLANG_WARN_INFINITE_RECURSION = YES;
				CLANG_WARN_INT_CONVERSION = YES;
				CLANG_WARN_NON_LITERAL_NULL_CONVERSION = YES;
				CLANG_WARN_OBJC_IMPLICIT_RETAIN_SELF = YES;
				CLANG_WARN_OBJC_LITERAL_CONVERSION = YES;
				CLANG_WARN_OBJC_ROOT_CLASS = YES_ERROR;
				CLANG_WARN_RANGE_LOOP_ANALYSIS = YES;
				CLANG_WARN_STRICT_PROTOTYPES = YES;
				CLANG_WARN_SUSPICIOUS_MOVE = YES;
				CLANG_WARN_UNGUARDED_AVAILABILITY = YES_AGGRESSIVE;
				CLANG_WARN_UNREACHABLE_CODE = YES;
				CLANG_WARN__DUPLICATE_METHOD_MATCH = YES;
				COPY_PHASE_STRIP = NO;
				DEBUG_INFORMATION_FORMAT = dwarf;
				ENABLE_STRICT_OBJC_MSGSEND = YES;
				ENABLE_TESTABILITY = YES;
				GCC_C_LANGUAGE_STANDARD = gnu11;
				GCC_DYNAMIC_NO_PIC = NO;
				GCC_NO_COMMON_BLOCKS = YES;
				GCC_OPTIMIZATION_LEVEL = 0;
				GCC_PREPROCESSOR_DEFINITIONS = (
					"DEBUG=1",
					"$(inherited)",
				);
				GCC_WARN_64_TO_32_BIT_CONVERSION = YES;
				GCC_WARN_ABOUT_RETURN_TYPE = YES_ERROR;
				GCC_WARN_UNDECLARED_SELECTOR = YES;
				GCC_WARN_UNINITIALIZED_AUTOS = YES_AGGRESSIVE;
				GCC_WARN_UNUSED_FUNCTION = YES;
				GCC_WARN_UNUSED_VARIABLE = YES;
				IPHONEOS_DEPLOYMENT_TARGET = 13.2;
				MTL_ENABLE_DEBUG_INFO = INCLUDE_SOURCE;
				MTL_FAST_MATH = YES;
				ONLY_ACTIVE_ARCH = YES;
				SDKROOT = iphoneos;
				SWIFT_ACTIVE_COMPILATION_CONDITIONS = DEBUG;
				SWIFT_OPTIMIZATION_LEVEL = "-Onone";
			};
			name = Debug;
		};
		84F9337B23F835F10046F243 /* Release */ = {
			isa = XCBuildConfiguration;
			buildSettings = {
				ALWAYS_SEARCH_USER_PATHS = NO;
				CLANG_ANALYZER_NONNULL = YES;
				CLANG_ANALYZER_NUMBER_OBJECT_CONVERSION = YES_AGGRESSIVE;
				CLANG_CXX_LANGUAGE_STANDARD = "gnu++14";
				CLANG_CXX_LIBRARY = "libc++";
				CLANG_ENABLE_MODULES = YES;
				CLANG_ENABLE_OBJC_ARC = YES;
				CLANG_ENABLE_OBJC_WEAK = YES;
				CLANG_WARN_BLOCK_CAPTURE_AUTORELEASING = YES;
				CLANG_WARN_BOOL_CONVERSION = YES;
				CLANG_WARN_COMMA = YES;
				CLANG_WARN_CONSTANT_CONVERSION = YES;
				CLANG_WARN_DEPRECATED_OBJC_IMPLEMENTATIONS = YES;
				CLANG_WARN_DIRECT_OBJC_ISA_USAGE = YES_ERROR;
				CLANG_WARN_DOCUMENTATION_COMMENTS = YES;
				CLANG_WARN_EMPTY_BODY = YES;
				CLANG_WARN_ENUM_CONVERSION = YES;
				CLANG_WARN_INFINITE_RECURSION = YES;
				CLANG_WARN_INT_CONVERSION = YES;
				CLANG_WARN_NON_LITERAL_NULL_CONVERSION = YES;
				CLANG_WARN_OBJC_IMPLICIT_RETAIN_SELF = YES;
				CLANG_WARN_OBJC_LITERAL_CONVERSION = YES;
				CLANG_WARN_OBJC_ROOT_CLASS = YES_ERROR;
				CLANG_WARN_RANGE_LOOP_ANALYSIS = YES;
				CLANG_WARN_STRICT_PROTOTYPES = YES;
				CLANG_WARN_SUSPICIOUS_MOVE = YES;
				CLANG_WARN_UNGUARDED_AVAILABILITY = YES_AGGRESSIVE;
				CLANG_WARN_UNREACHABLE_CODE = YES;
				CLANG_WARN__DUPLICATE_METHOD_MATCH = YES;
				COPY_PHASE_STRIP = NO;
				DEBUG_INFORMATION_FORMAT = "dwarf-with-dsym";
				ENABLE_NS_ASSERTIONS = NO;
				ENABLE_STRICT_OBJC_MSGSEND = YES;
				GCC_C_LANGUAGE_STANDARD = gnu11;
				GCC_NO_COMMON_BLOCKS = YES;
				GCC_WARN_64_TO_32_BIT_CONVERSION = YES;
				GCC_WARN_ABOUT_RETURN_TYPE = YES_ERROR;
				GCC_WARN_UNDECLARED_SELECTOR = YES;
				GCC_WARN_UNINITIALIZED_AUTOS = YES_AGGRESSIVE;
				GCC_WARN_UNUSED_FUNCTION = YES;
				GCC_WARN_UNUSED_VARIABLE = YES;
				IPHONEOS_DEPLOYMENT_TARGET = 13.2;
				MTL_ENABLE_DEBUG_INFO = NO;
				MTL_FAST_MATH = YES;
				SDKROOT = iphoneos;
				SWIFT_COMPILATION_MODE = wholemodule;
				SWIFT_OPTIMIZATION_LEVEL = "-O";
				VALIDATE_PRODUCT = YES;
			};
			name = Release;
		};
		84F9337D23F835F10046F243 /* Debug */ = {
			isa = XCBuildConfiguration;
			buildSettings = {
				ASSETCATALOG_COMPILER_APPICON_NAME = AppIcon;
				CODE_SIGN_STYLE = Automatic;
				DEVELOPMENT_TEAM = HWKB54QJ7K;
				INFOPLIST_FILE = MovieWorld/Info.plist;
				IPHONEOS_DEPLOYMENT_TARGET = 11.2;
				LD_RUNPATH_SEARCH_PATHS = (
					"$(inherited)",
					"@executable_path/Frameworks",
				);
				PRODUCT_BUNDLE_IDENTIFIER = com.kuricyna.MovieWorld;
				PRODUCT_NAME = "$(TARGET_NAME)";
				SWIFT_VERSION = 5.0;
				TARGETED_DEVICE_FAMILY = 1;
			};
			name = Debug;
		};
		84F9337E23F835F10046F243 /* Release */ = {
			isa = XCBuildConfiguration;
			buildSettings = {
				ASSETCATALOG_COMPILER_APPICON_NAME = AppIcon;
				CODE_SIGN_STYLE = Automatic;
				DEVELOPMENT_TEAM = HWKB54QJ7K;
				INFOPLIST_FILE = MovieWorld/Info.plist;
				IPHONEOS_DEPLOYMENT_TARGET = 11.2;
				LD_RUNPATH_SEARCH_PATHS = (
					"$(inherited)",
					"@executable_path/Frameworks",
				);
				PRODUCT_BUNDLE_IDENTIFIER = com.kuricyna.MovieWorld;
				PRODUCT_NAME = "$(TARGET_NAME)";
				SWIFT_VERSION = 5.0;
				TARGETED_DEVICE_FAMILY = 1;
			};
			name = Release;
		};
		84F9338023F835F10046F243 /* Debug */ = {
			isa = XCBuildConfiguration;
			buildSettings = {
				ALWAYS_EMBED_SWIFT_STANDARD_LIBRARIES = YES;
				BUNDLE_LOADER = "$(TEST_HOST)";
				CODE_SIGN_STYLE = Automatic;
				DEVELOPMENT_TEAM = HWKB54QJ7K;
				INFOPLIST_FILE = MovieWorldTests/Info.plist;
				IPHONEOS_DEPLOYMENT_TARGET = 13.2;
				LD_RUNPATH_SEARCH_PATHS = (
					"$(inherited)",
					"@executable_path/Frameworks",
					"@loader_path/Frameworks",
				);
				PRODUCT_BUNDLE_IDENTIFIER = com.kuricyna.MovieWorldTests;
				PRODUCT_NAME = "$(TARGET_NAME)";
				SWIFT_VERSION = 5.0;
				TARGETED_DEVICE_FAMILY = "1,2";
				TEST_HOST = "$(BUILT_PRODUCTS_DIR)/MovieWorld.app/MovieWorld";
			};
			name = Debug;
		};
		84F9338123F835F10046F243 /* Release */ = {
			isa = XCBuildConfiguration;
			buildSettings = {
				ALWAYS_EMBED_SWIFT_STANDARD_LIBRARIES = YES;
				BUNDLE_LOADER = "$(TEST_HOST)";
				CODE_SIGN_STYLE = Automatic;
				DEVELOPMENT_TEAM = HWKB54QJ7K;
				INFOPLIST_FILE = MovieWorldTests/Info.plist;
				IPHONEOS_DEPLOYMENT_TARGET = 13.2;
				LD_RUNPATH_SEARCH_PATHS = (
					"$(inherited)",
					"@executable_path/Frameworks",
					"@loader_path/Frameworks",
				);
				PRODUCT_BUNDLE_IDENTIFIER = com.kuricyna.MovieWorldTests;
				PRODUCT_NAME = "$(TARGET_NAME)";
				SWIFT_VERSION = 5.0;
				TARGETED_DEVICE_FAMILY = "1,2";
				TEST_HOST = "$(BUILT_PRODUCTS_DIR)/MovieWorld.app/MovieWorld";
			};
			name = Release;
		};
		84F9338323F835F10046F243 /* Debug */ = {
			isa = XCBuildConfiguration;
			buildSettings = {
				ALWAYS_EMBED_SWIFT_STANDARD_LIBRARIES = YES;
				CODE_SIGN_STYLE = Automatic;
				DEVELOPMENT_TEAM = HWKB54QJ7K;
				INFOPLIST_FILE = MovieWorldUITests/Info.plist;
				LD_RUNPATH_SEARCH_PATHS = (
					"$(inherited)",
					"@executable_path/Frameworks",
					"@loader_path/Frameworks",
				);
				PRODUCT_BUNDLE_IDENTIFIER = com.kuricyna.MovieWorldUITests;
				PRODUCT_NAME = "$(TARGET_NAME)";
				SWIFT_VERSION = 5.0;
				TARGETED_DEVICE_FAMILY = "1,2";
				TEST_TARGET_NAME = MovieWorld;
			};
			name = Debug;
		};
		84F9338423F835F10046F243 /* Release */ = {
			isa = XCBuildConfiguration;
			buildSettings = {
				ALWAYS_EMBED_SWIFT_STANDARD_LIBRARIES = YES;
				CODE_SIGN_STYLE = Automatic;
				DEVELOPMENT_TEAM = HWKB54QJ7K;
				INFOPLIST_FILE = MovieWorldUITests/Info.plist;
				LD_RUNPATH_SEARCH_PATHS = (
					"$(inherited)",
					"@executable_path/Frameworks",
					"@loader_path/Frameworks",
				);
				PRODUCT_BUNDLE_IDENTIFIER = com.kuricyna.MovieWorldUITests;
				PRODUCT_NAME = "$(TARGET_NAME)";
				SWIFT_VERSION = 5.0;
				TARGETED_DEVICE_FAMILY = "1,2";
				TEST_TARGET_NAME = MovieWorld;
			};
			name = Release;
		};
/* End XCBuildConfiguration section */

/* Begin XCConfigurationList section */
		84F9334D23F835F00046F243 /* Build configuration list for PBXProject "MovieWorld" */ = {
			isa = XCConfigurationList;
			buildConfigurations = (
				84F9337A23F835F10046F243 /* Debug */,
				84F9337B23F835F10046F243 /* Release */,
			);
			defaultConfigurationIsVisible = 0;
			defaultConfigurationName = Release;
		};
		84F9337C23F835F10046F243 /* Build configuration list for PBXNativeTarget "MovieWorld" */ = {
			isa = XCConfigurationList;
			buildConfigurations = (
				84F9337D23F835F10046F243 /* Debug */,
				84F9337E23F835F10046F243 /* Release */,
			);
			defaultConfigurationIsVisible = 0;
			defaultConfigurationName = Release;
		};
		84F9337F23F835F10046F243 /* Build configuration list for PBXNativeTarget "MovieWorldTests" */ = {
			isa = XCConfigurationList;
			buildConfigurations = (
				84F9338023F835F10046F243 /* Debug */,
				84F9338123F835F10046F243 /* Release */,
			);
			defaultConfigurationIsVisible = 0;
			defaultConfigurationName = Release;
		};
		84F9338223F835F10046F243 /* Build configuration list for PBXNativeTarget "MovieWorldUITests" */ = {
			isa = XCConfigurationList;
			buildConfigurations = (
				84F9338323F835F10046F243 /* Debug */,
				84F9338423F835F10046F243 /* Release */,
			);
			defaultConfigurationIsVisible = 0;
			defaultConfigurationName = Release;
		};
/* End XCConfigurationList section */
	};
	rootObject = 84F9334A23F835F00046F243 /* Project object */;
}
