// !$*UTF8*$!
{
	archiveVersion = 1;
	classes = {
	};
	objectVersion = 51;
	objects = {

/* Begin PBXBuildFile section */
		2E766467A82F45B2EEB04405 /* Pods_MovieWorld_MovieWorldUITests.framework in Frameworks */ = {isa = PBXBuildFile; fileRef = AE27A0999FEBC42126A2D84D /* Pods_MovieWorld_MovieWorldUITests.framework */; };
		53939C52370EA1FDA478A862 /* Pods_MovieWorldTests.framework in Frameworks */ = {isa = PBXBuildFile; fileRef = 0389D670443D9A78BF620656 /* Pods_MovieWorldTests.framework */; };
		84060744240037640071C42A /* MWMainTabBarController.swift in Sources */ = {isa = PBXBuildFile; fileRef = 84060743240037640071C42A /* MWMainTabBarController.swift */; };
		844F4254241782480030C74F /* MWReloadTableViewCell.swift in Sources */ = {isa = PBXBuildFile; fileRef = 844F4253241782480030C74F /* MWReloadTableViewCell.swift */; };
		84E4461223FA7F7500505A0B /* UIColor+Hex.swift in Sources */ = {isa = PBXBuildFile; fileRef = 84E4461123FA7F7500505A0B /* UIColor+Hex.swift */; };
		84E4461423FAA35A00505A0B /* Constants.swift in Sources */ = {isa = PBXBuildFile; fileRef = 84E4461323FAA35A00505A0B /* Constants.swift */; };
		84F4F6A5240A38E800C01562 /* Assets.xcassets in Resources */ = {isa = PBXBuildFile; fileRef = 84F4F6A4240A38E800C01562 /* Assets.xcassets */; };
		84F4F6A8240A3C4C00C01562 /* MWNetwork.swift in Sources */ = {isa = PBXBuildFile; fileRef = 84F4F6A7240A3C4C00C01562 /* MWNetwork.swift */; };
		84F4F6AA240A3D5500C01562 /* MWError.swift in Sources */ = {isa = PBXBuildFile; fileRef = 84F4F6A9240A3D5500C01562 /* MWError.swift */; };
		84F4F6AC240A3EC100C01562 /* MWApiResults.swift in Sources */ = {isa = PBXBuildFile; fileRef = 84F4F6AB240A3EC100C01562 /* MWApiResults.swift */; };
		84F4F6AE240A79CA00C01562 /* URLPaths.swift in Sources */ = {isa = PBXBuildFile; fileRef = 84F4F6AD240A79CA00C01562 /* URLPaths.swift */; };
		84F4F6B0240AA53900C01562 /* String+Ex.swift in Sources */ = {isa = PBXBuildFile; fileRef = 84F4F6AF240AA53900C01562 /* String+Ex.swift */; };
		84F4F6B2240AA53E00C01562 /* MWNetwork+ExUtility.swift in Sources */ = {isa = PBXBuildFile; fileRef = 84F4F6B1240AA53E00C01562 /* MWNetwork+ExUtility.swift */; };
		84F4F6B4240AD5F600C01562 /* APIKey.swift in Sources */ = {isa = PBXBuildFile; fileRef = 84F4F6B3240AD5F600C01562 /* APIKey.swift */; };
		84F9335623F835F00046F243 /* AppDelegate.swift in Sources */ = {isa = PBXBuildFile; fileRef = 84F9335523F835F00046F243 /* AppDelegate.swift */; };
		84F9336223F835F00046F243 /* LaunchScreen.storyboard in Resources */ = {isa = PBXBuildFile; fileRef = 84F9336023F835F00046F243 /* LaunchScreen.storyboard */; };
		84F9336D23F835F00046F243 /* MovieWorldTests.swift in Sources */ = {isa = PBXBuildFile; fileRef = 84F9336C23F835F00046F243 /* MovieWorldTests.swift */; };
		84F9337823F835F10046F243 /* MovieWorldUITests.swift in Sources */ = {isa = PBXBuildFile; fileRef = 84F9337723F835F10046F243 /* MovieWorldUITests.swift */; };
		84FB6F742403C5D2004685C4 /* MWCategoryCell.swift in Sources */ = {isa = PBXBuildFile; fileRef = 84FB6F732403C5D2004685C4 /* MWCategoryCell.swift */; };
		84FBD7D523FF009F00245B17 /* MWCategoryViewController.swift in Sources */ = {isa = PBXBuildFile; fileRef = 84FBD7D423FF009F00245B17 /* MWCategoryViewController.swift */; };
		84FBD7D723FF00AF00245B17 /* MWSearchViewController.swift in Sources */ = {isa = PBXBuildFile; fileRef = 84FBD7D623FF00AF00245B17 /* MWSearchViewController.swift */; };
		84FBD7D923FF00C200245B17 /* MWMainViewController.swift in Sources */ = {isa = PBXBuildFile; fileRef = 84FBD7D823FF00C200245B17 /* MWMainViewController.swift */; };
		84FBD7DE23FF016700245B17 /* MWViewController.swift in Sources */ = {isa = PBXBuildFile; fileRef = 84FBD7DD23FF016700245B17 /* MWViewController.swift */; };
		84FBD7E023FF017A00245B17 /* MWInterface.swift in Sources */ = {isa = PBXBuildFile; fileRef = 84FBD7DF23FF017A00245B17 /* MWInterface.swift */; };
		84FC451D241BAECC00E931D6 /* Localizable.strings in Resources */ = {isa = PBXBuildFile; fileRef = 84FC451B241BAECC00E931D6 /* Localizable.strings */; };
		84FC4522241BF19800E931D6 /* MWMoviesListViewController.swift in Sources */ = {isa = PBXBuildFile; fileRef = 84FC4521241BF19800E931D6 /* MWMoviesListViewController.swift */; };
		84FC4524241D426000E931D6 /* MWMovieDetailCell.swift in Sources */ = {isa = PBXBuildFile; fileRef = 84FC4523241D426000E931D6 /* MWMovieDetailCell.swift */; };
		84FCE254240580850070A11C /* MWMovie.swift in Sources */ = {isa = PBXBuildFile; fileRef = 84FCE253240580850070A11C /* MWMovie.swift */; };
		84FCE258240581B20070A11C /* MWMovieCell.swift in Sources */ = {isa = PBXBuildFile; fileRef = 84FCE257240581B20070A11C /* MWMovieCell.swift */; };
		84FCE25A2406D88E0070A11C /* MWTableViewCell.swift in Sources */ = {isa = PBXBuildFile; fileRef = 84FCE2592406D88E0070A11C /* MWTableViewCell.swift */; };
		84FF85C02410DE1F00A7E848 /* UIImageView+Ex.swift in Sources */ = {isa = PBXBuildFile; fileRef = 84FF85BF2410DE1F00A7E848 /* UIImageView+Ex.swift */; };
		84FF85C224110E1400A7E848 /* MWRedButton.swift in Sources */ = {isa = PBXBuildFile; fileRef = 84FF85C124110E1400A7E848 /* MWRedButton.swift */; };
		84FF85C724121E1B00A7E848 /* MWConfiguration.swift in Sources */ = {isa = PBXBuildFile; fileRef = 84FF85C624121E1B00A7E848 /* MWConfiguration.swift */; };
		84FF85C924121E2600A7E848 /* MWSystem.swift in Sources */ = {isa = PBXBuildFile; fileRef = 84FF85C824121E2600A7E848 /* MWSystem.swift */; };
		84FF85CC2412278300A7E848 /* MWGenre.swift in Sources */ = {isa = PBXBuildFile; fileRef = 84FF85CB2412278300A7E848 /* MWGenre.swift */; };
		84FF85CE2412283D00A7E848 /* MWMovieDetailResult.swift in Sources */ = {isa = PBXBuildFile; fileRef = 84FF85CD2412283D00A7E848 /* MWMovieDetailResult.swift */; };
		84FF85D4241294CB00A7E848 /* MWInitController.swift in Sources */ = {isa = PBXBuildFile; fileRef = 84FF85D3241294CB00A7E848 /* MWInitController.swift */; };
		84FF85D72413773200A7E848 /* MWCategories.swift in Sources */ = {isa = PBXBuildFile; fileRef = 84FF85D62413773200A7E848 /* MWCategories.swift */; };
		84FF85DD241549B300A7E848 /* g.gitignore in Resources */ = {isa = PBXBuildFile; fileRef = 84FF85DC241549B300A7E848 /* g.gitignore */; };
		982708074D01757E5710E08A /* Pods_MovieWorld.framework in Frameworks */ = {isa = PBXBuildFile; fileRef = F1330DF823A7D908BC1F2822 /* Pods_MovieWorld.framework */; };
/* End PBXBuildFile section */

/* Begin PBXContainerItemProxy section */
		84F9336923F835F00046F243 /* PBXContainerItemProxy */ = {
			isa = PBXContainerItemProxy;
			containerPortal = 84F9334A23F835F00046F243 /* Project object */;
			proxyType = 1;
			remoteGlobalIDString = 84F9335123F835F00046F243;
			remoteInfo = MovieWorld;
		};
		84F9337423F835F10046F243 /* PBXContainerItemProxy */ = {
			isa = PBXContainerItemProxy;
			containerPortal = 84F9334A23F835F00046F243 /* Project object */;
			proxyType = 1;
			remoteGlobalIDString = 84F9335123F835F00046F243;
			remoteInfo = MovieWorld;
		};
/* End PBXContainerItemProxy section */

/* Begin PBXFileReference section */
		0389D670443D9A78BF620656 /* Pods_MovieWorldTests.framework */ = {isa = PBXFileReference; explicitFileType = wrapper.framework; includeInIndex = 0; path = Pods_MovieWorldTests.framework; sourceTree = BUILT_PRODUCTS_DIR; };
		370E8CE6E5B398860C02D862 /* Pods-MovieWorldTests.release.xcconfig */ = {isa = PBXFileReference; includeInIndex = 1; lastKnownFileType = text.xcconfig; name = "Pods-MovieWorldTests.release.xcconfig"; path = "Target Support Files/Pods-MovieWorldTests/Pods-MovieWorldTests.release.xcconfig"; sourceTree = "<group>"; };
		48B47F2D75002E9B6A8011E8 /* Pods-MovieWorld-MovieWorldUITests.debug.xcconfig */ = {isa = PBXFileReference; includeInIndex = 1; lastKnownFileType = text.xcconfig; name = "Pods-MovieWorld-MovieWorldUITests.debug.xcconfig"; path = "Target Support Files/Pods-MovieWorld-MovieWorldUITests/Pods-MovieWorld-MovieWorldUITests.debug.xcconfig"; sourceTree = "<group>"; };
		84060743240037640071C42A /* MWMainTabBarController.swift */ = {isa = PBXFileReference; lastKnownFileType = sourcecode.swift; path = MWMainTabBarController.swift; sourceTree = "<group>"; };
		844F4253241782480030C74F /* MWReloadTableViewCell.swift */ = {isa = PBXFileReference; lastKnownFileType = sourcecode.swift; path = MWReloadTableViewCell.swift; sourceTree = "<group>"; };
		84E4461123FA7F7500505A0B /* UIColor+Hex.swift */ = {isa = PBXFileReference; lastKnownFileType = sourcecode.swift; path = "UIColor+Hex.swift"; sourceTree = "<group>"; };
		84E4461323FAA35A00505A0B /* Constants.swift */ = {isa = PBXFileReference; lastKnownFileType = sourcecode.swift; path = Constants.swift; sourceTree = "<group>"; };
		84F4F6A4240A38E800C01562 /* Assets.xcassets */ = {isa = PBXFileReference; lastKnownFileType = folder.assetcatalog; path = Assets.xcassets; sourceTree = "<group>"; };
		84F4F6A7240A3C4C00C01562 /* MWNetwork.swift */ = {isa = PBXFileReference; lastKnownFileType = sourcecode.swift; path = MWNetwork.swift; sourceTree = "<group>"; };
		84F4F6A9240A3D5500C01562 /* MWError.swift */ = {isa = PBXFileReference; lastKnownFileType = sourcecode.swift; path = MWError.swift; sourceTree = "<group>"; };
		84F4F6AB240A3EC100C01562 /* MWApiResults.swift */ = {isa = PBXFileReference; lastKnownFileType = sourcecode.swift; path = MWApiResults.swift; sourceTree = "<group>"; };
		84F4F6AD240A79CA00C01562 /* URLPaths.swift */ = {isa = PBXFileReference; lastKnownFileType = sourcecode.swift; path = URLPaths.swift; sourceTree = "<group>"; };
		84F4F6AF240AA53900C01562 /* String+Ex.swift */ = {isa = PBXFileReference; fileEncoding = 4; lastKnownFileType = sourcecode.swift; name = "String+Ex.swift"; path = "../../../../Library/Containers/com.apple.mail/Data/Library/Mail Downloads/7CDA97D0-B3BC-4FA1-81E7-FDA676026699/String+Ex.swift"; sourceTree = "<group>"; };
		84F4F6B1240AA53E00C01562 /* MWNetwork+ExUtility.swift */ = {isa = PBXFileReference; fileEncoding = 4; lastKnownFileType = sourcecode.swift; name = "MWNetwork+ExUtility.swift"; path = "../../../../Library/Containers/com.apple.mail/Data/Library/Mail Downloads/6828F7C6-89E7-4EF3-A22F-289740BCBFE2/MWNetwork+ExUtility.swift"; sourceTree = "<group>"; };
		84F4F6B3240AD5F600C01562 /* APIKey.swift */ = {isa = PBXFileReference; lastKnownFileType = sourcecode.swift; path = APIKey.swift; sourceTree = "<group>"; };
		84F9335223F835F00046F243 /* MovieWorld.app */ = {isa = PBXFileReference; explicitFileType = wrapper.application; includeInIndex = 0; path = MovieWorld.app; sourceTree = BUILT_PRODUCTS_DIR; };
		84F9335523F835F00046F243 /* AppDelegate.swift */ = {isa = PBXFileReference; lastKnownFileType = sourcecode.swift; path = AppDelegate.swift; sourceTree = "<group>"; };
		84F9336123F835F00046F243 /* Base */ = {isa = PBXFileReference; lastKnownFileType = file.storyboard; name = Base; path = Base.lproj/LaunchScreen.storyboard; sourceTree = "<group>"; };
		84F9336323F835F00046F243 /* Info.plist */ = {isa = PBXFileReference; lastKnownFileType = text.plist.xml; path = Info.plist; sourceTree = "<group>"; };
		84F9336823F835F00046F243 /* MovieWorldTests.xctest */ = {isa = PBXFileReference; explicitFileType = wrapper.cfbundle; includeInIndex = 0; path = MovieWorldTests.xctest; sourceTree = BUILT_PRODUCTS_DIR; };
		84F9336C23F835F00046F243 /* MovieWorldTests.swift */ = {isa = PBXFileReference; lastKnownFileType = sourcecode.swift; path = MovieWorldTests.swift; sourceTree = "<group>"; };
		84F9336E23F835F00046F243 /* Info.plist */ = {isa = PBXFileReference; lastKnownFileType = text.plist.xml; path = Info.plist; sourceTree = "<group>"; };
		84F9337323F835F10046F243 /* MovieWorldUITests.xctest */ = {isa = PBXFileReference; explicitFileType = wrapper.cfbundle; includeInIndex = 0; path = MovieWorldUITests.xctest; sourceTree = BUILT_PRODUCTS_DIR; };
		84F9337723F835F10046F243 /* MovieWorldUITests.swift */ = {isa = PBXFileReference; lastKnownFileType = sourcecode.swift; path = MovieWorldUITests.swift; sourceTree = "<group>"; };
		84F9337923F835F10046F243 /* Info.plist */ = {isa = PBXFileReference; lastKnownFileType = text.plist.xml; path = Info.plist; sourceTree = "<group>"; };
		84FB6F732403C5D2004685C4 /* MWCategoryCell.swift */ = {isa = PBXFileReference; lastKnownFileType = sourcecode.swift; path = MWCategoryCell.swift; sourceTree = "<group>"; };
		84FBD7D423FF009F00245B17 /* MWCategoryViewController.swift */ = {isa = PBXFileReference; lastKnownFileType = sourcecode.swift; path = MWCategoryViewController.swift; sourceTree = "<group>"; };
		84FBD7D623FF00AF00245B17 /* MWSearchViewController.swift */ = {isa = PBXFileReference; lastKnownFileType = sourcecode.swift; path = MWSearchViewController.swift; sourceTree = "<group>"; };
		84FBD7D823FF00C200245B17 /* MWMainViewController.swift */ = {isa = PBXFileReference; lastKnownFileType = sourcecode.swift; path = MWMainViewController.swift; sourceTree = "<group>"; };
		84FBD7DD23FF016700245B17 /* MWViewController.swift */ = {isa = PBXFileReference; lastKnownFileType = sourcecode.swift; path = MWViewController.swift; sourceTree = "<group>"; };
		84FBD7DF23FF017A00245B17 /* MWInterface.swift */ = {isa = PBXFileReference; lastKnownFileType = sourcecode.swift; path = MWInterface.swift; sourceTree = "<group>"; };
		84FC4514241BA2F200E931D6 /* ru */ = {isa = PBXFileReference; lastKnownFileType = text.plist.strings; name = ru; path = ru.lproj/LaunchScreen.strings; sourceTree = "<group>"; };
		84FC4515241BA2FD00E931D6 /* de */ = {isa = PBXFileReference; lastKnownFileType = text.plist.strings; name = de; path = de.lproj/LaunchScreen.strings; sourceTree = "<group>"; };
		84FC451C241BAECC00E931D6 /* Base */ = {isa = PBXFileReference; lastKnownFileType = text.plist.strings; name = Base; path = Base.lproj/Localizable.strings; sourceTree = "<group>"; };
		84FC451E241BAED900E931D6 /* ru */ = {isa = PBXFileReference; lastKnownFileType = text.plist.strings; name = ru; path = ru.lproj/Localizable.strings; sourceTree = "<group>"; };
		84FC451F241BAEDA00E931D6 /* de */ = {isa = PBXFileReference; lastKnownFileType = text.plist.strings; name = de; path = de.lproj/Localizable.strings; sourceTree = "<group>"; };
		84FC4521241BF19800E931D6 /* MWMoviesListViewController.swift */ = {isa = PBXFileReference; lastKnownFileType = sourcecode.swift; path = MWMoviesListViewController.swift; sourceTree = "<group>"; };
		84FC4523241D426000E931D6 /* MWMovieDetailCell.swift */ = {isa = PBXFileReference; lastKnownFileType = sourcecode.swift; path = MWMovieDetailCell.swift; sourceTree = "<group>"; };
		84FCE253240580850070A11C /* MWMovie.swift */ = {isa = PBXFileReference; lastKnownFileType = sourcecode.swift; path = MWMovie.swift; sourceTree = "<group>"; };
		84FCE257240581B20070A11C /* MWMovieCell.swift */ = {isa = PBXFileReference; lastKnownFileType = sourcecode.swift; path = MWMovieCell.swift; sourceTree = "<group>"; };
		84FCE2592406D88E0070A11C /* MWTableViewCell.swift */ = {isa = PBXFileReference; lastKnownFileType = sourcecode.swift; path = MWTableViewCell.swift; sourceTree = "<group>"; };
		84FF85BF2410DE1F00A7E848 /* UIImageView+Ex.swift */ = {isa = PBXFileReference; lastKnownFileType = sourcecode.swift; path = "UIImageView+Ex.swift"; sourceTree = "<group>"; };
		84FF85C124110E1400A7E848 /* MWRedButton.swift */ = {isa = PBXFileReference; lastKnownFileType = sourcecode.swift; name = MWRedButton.swift; path = MovieWorld/Extensions/MWRedButton.swift; sourceTree = SOURCE_ROOT; };
		84FF85C624121E1B00A7E848 /* MWConfiguration.swift */ = {isa = PBXFileReference; lastKnownFileType = sourcecode.swift; path = MWConfiguration.swift; sourceTree = "<group>"; };
		84FF85C824121E2600A7E848 /* MWSystem.swift */ = {isa = PBXFileReference; lastKnownFileType = sourcecode.swift; path = MWSystem.swift; sourceTree = "<group>"; };
		84FF85CB2412278300A7E848 /* MWGenre.swift */ = {isa = PBXFileReference; lastKnownFileType = sourcecode.swift; path = MWGenre.swift; sourceTree = "<group>"; };
		84FF85CD2412283D00A7E848 /* MWMovieDetailResult.swift */ = {isa = PBXFileReference; lastKnownFileType = sourcecode.swift; path = MWMovieDetailResult.swift; sourceTree = "<group>"; };
		84FF85D3241294CB00A7E848 /* MWInitController.swift */ = {isa = PBXFileReference; lastKnownFileType = sourcecode.swift; path = MWInitController.swift; sourceTree = "<group>"; };
		84FF85D62413773200A7E848 /* MWCategories.swift */ = {isa = PBXFileReference; lastKnownFileType = sourcecode.swift; path = MWCategories.swift; sourceTree = "<group>"; };
		84FF85DC241549B300A7E848 /* g.gitignore */ = {isa = PBXFileReference; fileEncoding = 4; lastKnownFileType = text; name = g.gitignore; path = "../../Library/Containers/com.apple.mail/Data/Library/Mail Downloads/D08158B5-5D7D-4D27-8F26-1A20E43DDBCE/g.gitignore"; sourceTree = "<group>"; };
		A3DF85F2F84CA3ABCFFB4AF2 /* Pods-MovieWorldTests.debug.xcconfig */ = {isa = PBXFileReference; includeInIndex = 1; lastKnownFileType = text.xcconfig; name = "Pods-MovieWorldTests.debug.xcconfig"; path = "Target Support Files/Pods-MovieWorldTests/Pods-MovieWorldTests.debug.xcconfig"; sourceTree = "<group>"; };
		AE27A0999FEBC42126A2D84D /* Pods_MovieWorld_MovieWorldUITests.framework */ = {isa = PBXFileReference; explicitFileType = wrapper.framework; includeInIndex = 0; path = Pods_MovieWorld_MovieWorldUITests.framework; sourceTree = BUILT_PRODUCTS_DIR; };
		CC6029B36009B915AB17DD79 /* Pods-MovieWorld.release.xcconfig */ = {isa = PBXFileReference; includeInIndex = 1; lastKnownFileType = text.xcconfig; name = "Pods-MovieWorld.release.xcconfig"; path = "Target Support Files/Pods-MovieWorld/Pods-MovieWorld.release.xcconfig"; sourceTree = "<group>"; };
		CF6EA920AF6992A50A2BB3E5 /* Pods-MovieWorld.debug.xcconfig */ = {isa = PBXFileReference; includeInIndex = 1; lastKnownFileType = text.xcconfig; name = "Pods-MovieWorld.debug.xcconfig"; path = "Target Support Files/Pods-MovieWorld/Pods-MovieWorld.debug.xcconfig"; sourceTree = "<group>"; };
		E32311FCC62192926DD9C59E /* Pods-MovieWorld-MovieWorldUITests.release.xcconfig */ = {isa = PBXFileReference; includeInIndex = 1; lastKnownFileType = text.xcconfig; name = "Pods-MovieWorld-MovieWorldUITests.release.xcconfig"; path = "Target Support Files/Pods-MovieWorld-MovieWorldUITests/Pods-MovieWorld-MovieWorldUITests.release.xcconfig"; sourceTree = "<group>"; };
		F1330DF823A7D908BC1F2822 /* Pods_MovieWorld.framework */ = {isa = PBXFileReference; explicitFileType = wrapper.framework; includeInIndex = 0; path = Pods_MovieWorld.framework; sourceTree = BUILT_PRODUCTS_DIR; };
/* End PBXFileReference section */

/* Begin PBXFrameworksBuildPhase section */
		84F9334F23F835F00046F243 /* Frameworks */ = {
			isa = PBXFrameworksBuildPhase;
			buildActionMask = 2147483647;
			files = (
				982708074D01757E5710E08A /* Pods_MovieWorld.framework in Frameworks */,
			);
			runOnlyForDeploymentPostprocessing = 0;
		};
		84F9336523F835F00046F243 /* Frameworks */ = {
			isa = PBXFrameworksBuildPhase;
			buildActionMask = 2147483647;
			files = (
				53939C52370EA1FDA478A862 /* Pods_MovieWorldTests.framework in Frameworks */,
			);
			runOnlyForDeploymentPostprocessing = 0;
		};
		84F9337023F835F10046F243 /* Frameworks */ = {
			isa = PBXFrameworksBuildPhase;
			buildActionMask = 2147483647;
			files = (
				2E766467A82F45B2EEB04405 /* Pods_MovieWorld_MovieWorldUITests.framework in Frameworks */,
			);
			runOnlyForDeploymentPostprocessing = 0;
		};
/* End PBXFrameworksBuildPhase section */

/* Begin PBXGroup section */
		2C710DB40151D93C7C5FF110 /* Frameworks */ = {
			isa = PBXGroup;
			children = (
				F1330DF823A7D908BC1F2822 /* Pods_MovieWorld.framework */,
				AE27A0999FEBC42126A2D84D /* Pods_MovieWorld_MovieWorldUITests.framework */,
				0389D670443D9A78BF620656 /* Pods_MovieWorldTests.framework */,
			);
			name = Frameworks;
			sourceTree = "<group>";
		};
		34DF0B0BE7A3E251F73D4397 /* Pods */ = {
			isa = PBXGroup;
			children = (
				CF6EA920AF6992A50A2BB3E5 /* Pods-MovieWorld.debug.xcconfig */,
				CC6029B36009B915AB17DD79 /* Pods-MovieWorld.release.xcconfig */,
				48B47F2D75002E9B6A8011E8 /* Pods-MovieWorld-MovieWorldUITests.debug.xcconfig */,
				E32311FCC62192926DD9C59E /* Pods-MovieWorld-MovieWorldUITests.release.xcconfig */,
				A3DF85F2F84CA3ABCFFB4AF2 /* Pods-MovieWorldTests.debug.xcconfig */,
				370E8CE6E5B398860C02D862 /* Pods-MovieWorldTests.release.xcconfig */,
			);
			path = Pods;
			sourceTree = "<group>";
		};
		8406073C23FFE5830071C42A /* Controllers */ = {
			isa = PBXGroup;
			children = (
				84FBD7D423FF009F00245B17 /* MWCategoryViewController.swift */,
			);
			path = Controllers;
			sourceTree = "<group>";
		};
		8406073D23FFE58B0071C42A /* Controllers */ = {
			isa = PBXGroup;
			children = (
				84FBD7D623FF00AF00245B17 /* MWSearchViewController.swift */,
			);
			path = Controllers;
			sourceTree = "<group>";
		};
		8406073E23FFE5950071C42A /* Controllers */ = {
			isa = PBXGroup;
			children = (
				84FBD7D823FF00C200245B17 /* MWMainViewController.swift */,
				84FC4521241BF19800E931D6 /* MWMoviesListViewController.swift */,
			);
			path = Controllers;
			sourceTree = "<group>";
		};
		8406073F23FFE59D0071C42A /* Models */ = {
			isa = PBXGroup;
			children = (
				84FCE253240580850070A11C /* MWMovie.swift */,
				84F4F6AB240A3EC100C01562 /* MWApiResults.swift */,
			);
			path = Models;
			sourceTree = "<group>";
		};
		8406074023FFE5AC0071C42A /* Views */ = {
			isa = PBXGroup;
			children = (
				84FCE257240581B20070A11C /* MWMovieCell.swift */,
				84FCE2592406D88E0070A11C /* MWTableViewCell.swift */,
				844F4253241782480030C74F /* MWReloadTableViewCell.swift */,
				84FC4523241D426000E931D6 /* MWMovieDetailCell.swift */,
			);
			path = Views;
			sourceTree = "<group>";
		};
		8406074123FFE5C30071C42A /* Views */ = {
			isa = PBXGroup;
			children = (
				8406074223FFE5CF0071C42A /* Cells */,
			);
			path = Views;
			sourceTree = "<group>";
		};
		8406074223FFE5CF0071C42A /* Cells */ = {
			isa = PBXGroup;
			children = (
				84FB6F732403C5D2004685C4 /* MWCategoryCell.swift */,
			);
			path = Cells;
			sourceTree = "<group>";
		};
		849EC94F240A36F60057DFF9 /* Resources */ = {
			isa = PBXGroup;
			children = (
				84F4F6A4240A38E800C01562 /* Assets.xcassets */,
			);
			path = Resources;
			sourceTree = "<group>";
		};
		84E4460B23F9807D00505A0B /* Utility */ = {
			isa = PBXGroup;
			children = (
				84E4461323FAA35A00505A0B /* Constants.swift */,
				84F4F6B3240AD5F600C01562 /* APIKey.swift */,
			);
			path = Utility;
			sourceTree = "<group>";
		};
		84E4460C23F9808700505A0B /* Extensions */ = {
			isa = PBXGroup;
			children = (
				84F4F6B1240AA53E00C01562 /* MWNetwork+ExUtility.swift */,
				84F4F6AF240AA53900C01562 /* String+Ex.swift */,
				84E4461123FA7F7500505A0B /* UIColor+Hex.swift */,
				84FF85BF2410DE1F00A7E848 /* UIImageView+Ex.swift */,
			);
			path = Extensions;
			sourceTree = "<group>";
		};
		84F4F6A6240A3C2200C01562 /* Network */ = {
			isa = PBXGroup;
			children = (
				84FF85CA2412276300A7E848 /* Models */,
				84F4F6A7240A3C4C00C01562 /* MWNetwork.swift */,
				84F4F6A9240A3D5500C01562 /* MWError.swift */,
				84F4F6AD240A79CA00C01562 /* URLPaths.swift */,
			);
			path = Network;
			sourceTree = "<group>";
		};
		84F9334923F835F00046F243 = {
			isa = PBXGroup;
			children = (
				84FF85DC241549B300A7E848 /* g.gitignore */,
				84F9335423F835F00046F243 /* MovieWorld */,
				84F9336B23F835F00046F243 /* MovieWorldTests */,
				84F9337623F835F10046F243 /* MovieWorldUITests */,
				84F9335323F835F00046F243 /* Products */,
				34DF0B0BE7A3E251F73D4397 /* Pods */,
				2C710DB40151D93C7C5FF110 /* Frameworks */,
			);
			sourceTree = "<group>";
		};
		84F9335323F835F00046F243 /* Products */ = {
			isa = PBXGroup;
			children = (
				84F9335223F835F00046F243 /* MovieWorld.app */,
				84F9336823F835F00046F243 /* MovieWorldTests.xctest */,
				84F9337323F835F10046F243 /* MovieWorldUITests.xctest */,
			);
			name = Products;
			sourceTree = "<group>";
		};
		84F9335423F835F00046F243 /* MovieWorld */ = {
			isa = PBXGroup;
			children = (
				84F9335523F835F00046F243 /* AppDelegate.swift */,
				84F9336323F835F00046F243 /* Info.plist */,
				84F9336023F835F00046F243 /* LaunchScreen.storyboard */,
				84FBD7CB23FEFFE400245B17 /* Common */,
				84FBD7CC23FEFFED00245B17 /* Features */,
				84E4460C23F9808700505A0B /* Extensions */,
				84E4460B23F9807D00505A0B /* Utility */,
				849EC94F240A36F60057DFF9 /* Resources */,
				84FC451B241BAECC00E931D6 /* Localizable.strings */,
			);
			path = MovieWorld;
			sourceTree = "<group>";
		};
		84F9336B23F835F00046F243 /* MovieWorldTests */ = {
			isa = PBXGroup;
			children = (
				84F9336C23F835F00046F243 /* MovieWorldTests.swift */,
				84F9336E23F835F00046F243 /* Info.plist */,
			);
			path = MovieWorldTests;
			sourceTree = "<group>";
		};
		84F9337623F835F10046F243 /* MovieWorldUITests */ = {
			isa = PBXGroup;
			children = (
				84F9337723F835F10046F243 /* MovieWorldUITests.swift */,
				84F9337923F835F10046F243 /* Info.plist */,
			);
			path = MovieWorldUITests;
			sourceTree = "<group>";
		};
		84FBD7CB23FEFFE400245B17 /* Common */ = {
			isa = PBXGroup;
			children = (
				84FF85D52413771F00A7E848 /* Helpers */,
				84FF85C524121E0200A7E848 /* Business Logic */,
				84F4F6A6240A3C2200C01562 /* Network */,
				84FBD7DA23FF00CC00245B17 /* Navigation */,
				84FBD7DC23FF014F00245B17 /* Controllers */,
				84FBD7DB23FF013900245B17 /* Controls */,
			);
			path = Common;
			sourceTree = "<group>";
		};
		84FBD7CC23FEFFED00245B17 /* Features */ = {
			isa = PBXGroup;
			children = (
				84FBD7D123FF006300245B17 /* Main */,
				84FBD7D223FF006C00245B17 /* Search */,
				84FBD7D323FF007700245B17 /* Category */,
			);
			path = Features;
			sourceTree = "<group>";
		};
		84FBD7D123FF006300245B17 /* Main */ = {
			isa = PBXGroup;
			children = (
				8406074023FFE5AC0071C42A /* Views */,
				8406073F23FFE59D0071C42A /* Models */,
				8406073E23FFE5950071C42A /* Controllers */,
			);
			path = Main;
			sourceTree = "<group>";
		};
		84FBD7D223FF006C00245B17 /* Search */ = {
			isa = PBXGroup;
			children = (
				8406073D23FFE58B0071C42A /* Controllers */,
			);
			path = Search;
			sourceTree = "<group>";
		};
		84FBD7D323FF007700245B17 /* Category */ = {
			isa = PBXGroup;
			children = (
				8406074123FFE5C30071C42A /* Views */,
				8406073C23FFE5830071C42A /* Controllers */,
			);
			path = Category;
			sourceTree = "<group>";
		};
		84FBD7DA23FF00CC00245B17 /* Navigation */ = {
			isa = PBXGroup;
			children = (
				84FBD7DF23FF017A00245B17 /* MWInterface.swift */,
			);
			path = Navigation;
			sourceTree = "<group>";
		};
		84FBD7DB23FF013900245B17 /* Controls */ = {
			isa = PBXGroup;
			children = (
				84FF85C124110E1400A7E848 /* MWRedButton.swift */,
			);
			path = Controls;
			sourceTree = "<group>";
		};
		84FBD7DC23FF014F00245B17 /* Controllers */ = {
			isa = PBXGroup;
			children = (
				84FF85D3241294CB00A7E848 /* MWInitController.swift */,
				84FBD7DD23FF016700245B17 /* MWViewController.swift */,
				84060743240037640071C42A /* MWMainTabBarController.swift */,
			);
			path = Controllers;
			sourceTree = "<group>";
		};
		84FF85C524121E0200A7E848 /* Business Logic */ = {
			isa = PBXGroup;
			children = (
				84FF85D62413773200A7E848 /* MWCategories.swift */,
				84FF85C624121E1B00A7E848 /* MWConfiguration.swift */,
				84FF85C824121E2600A7E848 /* MWSystem.swift */,
			);
			path = "Business Logic";
			sourceTree = "<group>";
		};
		84FF85CA2412276300A7E848 /* Models */ = {
			isa = PBXGroup;
			children = (
				84FF85CB2412278300A7E848 /* MWGenre.swift */,
				84FF85CD2412283D00A7E848 /* MWMovieDetailResult.swift */,
			);
			path = Models;
			sourceTree = "<group>";
		};
		84FF85D52413771F00A7E848 /* Helpers */ = {
			isa = PBXGroup;
			children = (
			);
			path = Helpers;
			sourceTree = "<group>";
		};
/* End PBXGroup section */

/* Begin PBXNativeTarget section */
		84F9335123F835F00046F243 /* MovieWorld */ = {
			isa = PBXNativeTarget;
			buildConfigurationList = 84F9337C23F835F10046F243 /* Build configuration list for PBXNativeTarget "MovieWorld" */;
			buildPhases = (
				EB98BB305C61A893D14CFB15 /* [CP] Check Pods Manifest.lock */,
				84F9334E23F835F00046F243 /* Sources */,
				84F9334F23F835F00046F243 /* Frameworks */,
				84F9335023F835F00046F243 /* Resources */,
				0299010EEF7F3004C308EF18 /* [CP] Embed Pods Frameworks */,
			);
			buildRules = (
			);
			dependencies = (
			);
			name = MovieWorld;
			productName = MovieWorld;
			productReference = 84F9335223F835F00046F243 /* MovieWorld.app */;
			productType = "com.apple.product-type.application";
		};
		84F9336723F835F00046F243 /* MovieWorldTests */ = {
			isa = PBXNativeTarget;
			buildConfigurationList = 84F9337F23F835F10046F243 /* Build configuration list for PBXNativeTarget "MovieWorldTests" */;
			buildPhases = (
				038E085448399AE439D62FAF /* [CP] Check Pods Manifest.lock */,
				84F9336423F835F00046F243 /* Sources */,
				84F9336523F835F00046F243 /* Frameworks */,
				84F9336623F835F00046F243 /* Resources */,
			);
			buildRules = (
			);
			dependencies = (
				84F9336A23F835F00046F243 /* PBXTargetDependency */,
			);
			name = MovieWorldTests;
			productName = MovieWorldTests;
			productReference = 84F9336823F835F00046F243 /* MovieWorldTests.xctest */;
			productType = "com.apple.product-type.bundle.unit-test";
		};
		84F9337223F835F10046F243 /* MovieWorldUITests */ = {
			isa = PBXNativeTarget;
			buildConfigurationList = 84F9338223F835F10046F243 /* Build configuration list for PBXNativeTarget "MovieWorldUITests" */;
			buildPhases = (
				368906211036CD1C67638431 /* [CP] Check Pods Manifest.lock */,
				84F9336F23F835F10046F243 /* Sources */,
				84F9337023F835F10046F243 /* Frameworks */,
				84F9337123F835F10046F243 /* Resources */,
				D3389CFF52BC6CBD8B7A914F /* [CP] Embed Pods Frameworks */,
			);
			buildRules = (
			);
			dependencies = (
				84F9337523F835F10046F243 /* PBXTargetDependency */,
			);
			name = MovieWorldUITests;
			productName = MovieWorldUITests;
			productReference = 84F9337323F835F10046F243 /* MovieWorldUITests.xctest */;
			productType = "com.apple.product-type.bundle.ui-testing";
		};
/* End PBXNativeTarget section */

/* Begin PBXProject section */
		84F9334A23F835F00046F243 /* Project object */ = {
			isa = PBXProject;
			attributes = {
				LastSwiftUpdateCheck = 1130;
				LastUpgradeCheck = 1130;
				ORGANIZATIONNAME = "Admin\U0010\U0010";
				TargetAttributes = {
					84F9335123F835F00046F243 = {
						CreatedOnToolsVersion = 11.3;
					};
					84F9336723F835F00046F243 = {
						CreatedOnToolsVersion = 11.3;
						TestTargetID = 84F9335123F835F00046F243;
					};
					84F9337223F835F10046F243 = {
						CreatedOnToolsVersion = 11.3;
						TestTargetID = 84F9335123F835F00046F243;
					};
				};
			};
			buildConfigurationList = 84F9334D23F835F00046F243 /* Build configuration list for PBXProject "MovieWorld" */;
			compatibilityVersion = "Xcode 9.3";
			developmentRegion = en;
			hasScannedForEncodings = 0;
			knownRegions = (
				en,
				Base,
				ru,
				de,
			);
			mainGroup = 84F9334923F835F00046F243;
			productRefGroup = 84F9335323F835F00046F243 /* Products */;
			projectDirPath = "";
			projectRoot = "";
			targets = (
				84F9335123F835F00046F243 /* MovieWorld */,
				84F9336723F835F00046F243 /* MovieWorldTests */,
				84F9337223F835F10046F243 /* MovieWorldUITests */,
			);
		};
/* End PBXProject section */

/* Begin PBXResourcesBuildPhase section */
		84F9335023F835F00046F243 /* Resources */ = {
			isa = PBXResourcesBuildPhase;
			buildActionMask = 2147483647;
			files = (
				84F9336223F835F00046F243 /* LaunchScreen.storyboard in Resources */,
				84FC451D241BAECC00E931D6 /* Localizable.strings in Resources */,
				84F4F6A5240A38E800C01562 /* Assets.xcassets in Resources */,
				84FF85DD241549B300A7E848 /* g.gitignore in Resources */,
			);
			runOnlyForDeploymentPostprocessing = 0;
		};
		84F9336623F835F00046F243 /* Resources */ = {
			isa = PBXResourcesBuildPhase;
			buildActionMask = 2147483647;
			files = (
			);
			runOnlyForDeploymentPostprocessing = 0;
		};
		84F9337123F835F10046F243 /* Resources */ = {
			isa = PBXResourcesBuildPhase;
			buildActionMask = 2147483647;
			files = (
			);
			runOnlyForDeploymentPostprocessing = 0;
		};
/* End PBXResourcesBuildPhase section */

/* Begin PBXShellScriptBuildPhase section */
		0299010EEF7F3004C308EF18 /* [CP] Embed Pods Frameworks */ = {
			isa = PBXShellScriptBuildPhase;
			buildActionMask = 2147483647;
			files = (
			);
			inputFileListPaths = (
				"${PODS_ROOT}/Target Support Files/Pods-MovieWorld/Pods-MovieWorld-frameworks-${CONFIGURATION}-input-files.xcfilelist",
			);
			name = "[CP] Embed Pods Frameworks";
			outputFileListPaths = (
				"${PODS_ROOT}/Target Support Files/Pods-MovieWorld/Pods-MovieWorld-frameworks-${CONFIGURATION}-output-files.xcfilelist",
			);
			runOnlyForDeploymentPostprocessing = 0;
			shellPath = /bin/sh;
			shellScript = "\"${PODS_ROOT}/Target Support Files/Pods-MovieWorld/Pods-MovieWorld-frameworks.sh\"\n";
			showEnvVarsInLog = 0;
		};
		038E085448399AE439D62FAF /* [CP] Check Pods Manifest.lock */ = {
			isa = PBXShellScriptBuildPhase;
			buildActionMask = 2147483647;
			files = (
			);
			inputFileListPaths = (
			);
			inputPaths = (
				"${PODS_PODFILE_DIR_PATH}/Podfile.lock",
				"${PODS_ROOT}/Manifest.lock",
			);
			name = "[CP] Check Pods Manifest.lock";
			outputFileListPaths = (
			);
			outputPaths = (
				"$(DERIVED_FILE_DIR)/Pods-MovieWorldTests-checkManifestLockResult.txt",
			);
			runOnlyForDeploymentPostprocessing = 0;
			shellPath = /bin/sh;
			shellScript = "diff \"${PODS_PODFILE_DIR_PATH}/Podfile.lock\" \"${PODS_ROOT}/Manifest.lock\" > /dev/null\nif [ $? != 0 ] ; then\n    # print error to STDERR\n    echo \"error: The sandbox is not in sync with the Podfile.lock. Run 'pod install' or update your CocoaPods installation.\" >&2\n    exit 1\nfi\n# This output is used by Xcode 'outputs' to avoid re-running this script phase.\necho \"SUCCESS\" > \"${SCRIPT_OUTPUT_FILE_0}\"\n";
			showEnvVarsInLog = 0;
		};
		368906211036CD1C67638431 /* [CP] Check Pods Manifest.lock */ = {
			isa = PBXShellScriptBuildPhase;
			buildActionMask = 2147483647;
			files = (
			);
			inputFileListPaths = (
			);
			inputPaths = (
				"${PODS_PODFILE_DIR_PATH}/Podfile.lock",
				"${PODS_ROOT}/Manifest.lock",
			);
			name = "[CP] Check Pods Manifest.lock";
			outputFileListPaths = (
			);
			outputPaths = (
				"$(DERIVED_FILE_DIR)/Pods-MovieWorld-MovieWorldUITests-checkManifestLockResult.txt",
			);
			runOnlyForDeploymentPostprocessing = 0;
			shellPath = /bin/sh;
			shellScript = "diff \"${PODS_PODFILE_DIR_PATH}/Podfile.lock\" \"${PODS_ROOT}/Manifest.lock\" > /dev/null\nif [ $? != 0 ] ; then\n    # print error to STDERR\n    echo \"error: The sandbox is not in sync with the Podfile.lock. Run 'pod install' or update your CocoaPods installation.\" >&2\n    exit 1\nfi\n# This output is used by Xcode 'outputs' to avoid re-running this script phase.\necho \"SUCCESS\" > \"${SCRIPT_OUTPUT_FILE_0}\"\n";
			showEnvVarsInLog = 0;
		};
		D3389CFF52BC6CBD8B7A914F /* [CP] Embed Pods Frameworks */ = {
			isa = PBXShellScriptBuildPhase;
			buildActionMask = 2147483647;
			files = (
			);
			inputFileListPaths = (
				"${PODS_ROOT}/Target Support Files/Pods-MovieWorld-MovieWorldUITests/Pods-MovieWorld-MovieWorldUITests-frameworks-${CONFIGURATION}-input-files.xcfilelist",
			);
			name = "[CP] Embed Pods Frameworks";
			outputFileListPaths = (
				"${PODS_ROOT}/Target Support Files/Pods-MovieWorld-MovieWorldUITests/Pods-MovieWorld-MovieWorldUITests-frameworks-${CONFIGURATION}-output-files.xcfilelist",
			);
			runOnlyForDeploymentPostprocessing = 0;
			shellPath = /bin/sh;
			shellScript = "\"${PODS_ROOT}/Target Support Files/Pods-MovieWorld-MovieWorldUITests/Pods-MovieWorld-MovieWorldUITests-frameworks.sh\"\n";
			showEnvVarsInLog = 0;
		};
		EB98BB305C61A893D14CFB15 /* [CP] Check Pods Manifest.lock */ = {
			isa = PBXShellScriptBuildPhase;
			buildActionMask = 2147483647;
			files = (
			);
			inputFileListPaths = (
			);
			inputPaths = (
				"${PODS_PODFILE_DIR_PATH}/Podfile.lock",
				"${PODS_ROOT}/Manifest.lock",
			);
			name = "[CP] Check Pods Manifest.lock";
			outputFileListPaths = (
			);
			outputPaths = (
				"$(DERIVED_FILE_DIR)/Pods-MovieWorld-checkManifestLockResult.txt",
			);
			runOnlyForDeploymentPostprocessing = 0;
			shellPath = /bin/sh;
			shellScript = "diff \"${PODS_PODFILE_DIR_PATH}/Podfile.lock\" \"${PODS_ROOT}/Manifest.lock\" > /dev/null\nif [ $? != 0 ] ; then\n    # print error to STDERR\n    echo \"error: The sandbox is not in sync with the Podfile.lock. Run 'pod install' or update your CocoaPods installation.\" >&2\n    exit 1\nfi\n# This output is used by Xcode 'outputs' to avoid re-running this script phase.\necho \"SUCCESS\" > \"${SCRIPT_OUTPUT_FILE_0}\"\n";
			showEnvVarsInLog = 0;
		};
/* End PBXShellScriptBuildPhase section */

/* Begin PBXSourcesBuildPhase section */
		84F9334E23F835F00046F243 /* Sources */ = {
			isa = PBXSourcesBuildPhase;
			buildActionMask = 2147483647;
			files = (
				84FBD7D723FF00AF00245B17 /* MWSearchViewController.swift in Sources */,
				84E4461223FA7F7500505A0B /* UIColor+Hex.swift in Sources */,
				84060744240037640071C42A /* MWMainTabBarController.swift in Sources */,
				84F4F6B0240AA53900C01562 /* String+Ex.swift in Sources */,
				84FC4522241BF19800E931D6 /* MWMoviesListViewController.swift in Sources */,
				84FCE25A2406D88E0070A11C /* MWTableViewCell.swift in Sources */,
				84FBD7E023FF017A00245B17 /* MWInterface.swift in Sources */,
				84FF85C02410DE1F00A7E848 /* UIImageView+Ex.swift in Sources */,
				84FCE258240581B20070A11C /* MWMovieCell.swift in Sources */,
				84FF85CE2412283D00A7E848 /* MWMovieDetailResult.swift in Sources */,
				84F9335623F835F00046F243 /* AppDelegate.swift in Sources */,
				84FF85C224110E1400A7E848 /* MWRedButton.swift in Sources */,
				84FF85CC2412278300A7E848 /* MWGenre.swift in Sources */,
				84E4461423FAA35A00505A0B /* Constants.swift in Sources */,
				84FF85C724121E1B00A7E848 /* MWConfiguration.swift in Sources */,
				84FBD7D523FF009F00245B17 /* MWCategoryViewController.swift in Sources */,
				84FF85D72413773200A7E848 /* MWCategories.swift in Sources */,
				84FBD7DE23FF016700245B17 /* MWViewController.swift in Sources */,
				84F4F6A8240A3C4C00C01562 /* MWNetwork.swift in Sources */,
				84FBD7D923FF00C200245B17 /* MWMainViewController.swift in Sources */,
				84FCE254240580850070A11C /* MWMovie.swift in Sources */,
				84F4F6B4240AD5F600C01562 /* APIKey.swift in Sources */,
				844F4254241782480030C74F /* MWReloadTableViewCell.swift in Sources */,
				84FF85D4241294CB00A7E848 /* MWInitController.swift in Sources */,
				84F4F6B2240AA53E00C01562 /* MWNetwork+ExUtility.swift in Sources */,
				84F4F6AC240A3EC100C01562 /* MWApiResults.swift in Sources */,
				84F4F6AA240A3D5500C01562 /* MWError.swift in Sources */,
				84FC4524241D426000E931D6 /* MWMovieDetailCell.swift in Sources */,
				84FF85C924121E2600A7E848 /* MWSystem.swift in Sources */,
				84F4F6AE240A79CA00C01562 /* URLPaths.swift in Sources */,
				84FB6F742403C5D2004685C4 /* MWCategoryCell.swift in Sources */,
			);
			runOnlyForDeploymentPostprocessing = 0;
		};
		84F9336423F835F00046F243 /* Sources */ = {
			isa = PBXSourcesBuildPhase;
			buildActionMask = 2147483647;
			files = (
				84F9336D23F835F00046F243 /* MovieWorldTests.swift in Sources */,
			);
			runOnlyForDeploymentPostprocessing = 0;
		};
		84F9336F23F835F10046F243 /* Sources */ = {
			isa = PBXSourcesBuildPhase;
			buildActionMask = 2147483647;
			files = (
				84F9337823F835F10046F243 /* MovieWorldUITests.swift in Sources */,
			);
			runOnlyForDeploymentPostprocessing = 0;
		};
/* End PBXSourcesBuildPhase section */

/* Begin PBXTargetDependency section */
		84F9336A23F835F00046F243 /* PBXTargetDependency */ = {
			isa = PBXTargetDependency;
			target = 84F9335123F835F00046F243 /* MovieWorld */;
			targetProxy = 84F9336923F835F00046F243 /* PBXContainerItemProxy */;
		};
		84F9337523F835F10046F243 /* PBXTargetDependency */ = {
			isa = PBXTargetDependency;
			target = 84F9335123F835F00046F243 /* MovieWorld */;
			targetProxy = 84F9337423F835F10046F243 /* PBXContainerItemProxy */;
		};
/* End PBXTargetDependency section */

/* Begin PBXVariantGroup section */
		84F9336023F835F00046F243 /* LaunchScreen.storyboard */ = {
			isa = PBXVariantGroup;
			children = (
				84F9336123F835F00046F243 /* Base */,
				84FC4514241BA2F200E931D6 /* ru */,
				84FC4515241BA2FD00E931D6 /* de */,
			);
			name = LaunchScreen.storyboard;
			sourceTree = "<group>";
		};
		84FC451B241BAECC00E931D6 /* Localizable.strings */ = {
			isa = PBXVariantGroup;
			children = (
				84FC451C241BAECC00E931D6 /* Base */,
				84FC451E241BAED900E931D6 /* ru */,
				84FC451F241BAEDA00E931D6 /* de */,
			);
			name = Localizable.strings;
			sourceTree = "<group>";
		};
/* End PBXVariantGroup section */

/* Begin XCBuildConfiguration section */
		84F9337A23F835F10046F243 /* Debug */ = {
			isa = XCBuildConfiguration;
			buildSettings = {
				ALWAYS_SEARCH_USER_PATHS = NO;
				CLANG_ANALYZER_LOCALIZABILITY_NONLOCALIZED = YES;
				CLANG_ANALYZER_NONNULL = YES;
				CLANG_ANALYZER_NUMBER_OBJECT_CONVERSION = YES_AGGRESSIVE;
				CLANG_CXX_LANGUAGE_STANDARD = "gnu++14";
				CLANG_CXX_LIBRARY = "libc++";
				CLANG_ENABLE_MODULES = YES;
				CLANG_ENABLE_OBJC_ARC = YES;
				CLANG_ENABLE_OBJC_WEAK = YES;
				CLANG_WARN_BLOCK_CAPTURE_AUTORELEASING = YES;
				CLANG_WARN_BOOL_CONVERSION = YES;
				CLANG_WARN_COMMA = YES;
				CLANG_WARN_CONSTANT_CONVERSION = YES;
				CLANG_WARN_DEPRECATED_OBJC_IMPLEMENTATIONS = YES;
				CLANG_WARN_DIRECT_OBJC_ISA_USAGE = YES_ERROR;
				CLANG_WARN_DOCUMENTATION_COMMENTS = YES;
				CLANG_WARN_EMPTY_BODY = YES;
				CLANG_WARN_ENUM_CONVERSION = YES;
				CLANG_WARN_INFINITE_RECURSION = YES;
				CLANG_WARN_INT_CONVERSION = YES;
				CLANG_WARN_NON_LITERAL_NULL_CONVERSION = YES;
				CLANG_WARN_OBJC_IMPLICIT_RETAIN_SELF = YES;
				CLANG_WARN_OBJC_LITERAL_CONVERSION = YES;
				CLANG_WARN_OBJC_ROOT_CLASS = YES_ERROR;
				CLANG_WARN_RANGE_LOOP_ANALYSIS = YES;
				CLANG_WARN_STRICT_PROTOTYPES = YES;
				CLANG_WARN_SUSPICIOUS_MOVE = YES;
				CLANG_WARN_UNGUARDED_AVAILABILITY = YES_AGGRESSIVE;
				CLANG_WARN_UNREACHABLE_CODE = YES;
				CLANG_WARN__DUPLICATE_METHOD_MATCH = YES;
				COPY_PHASE_STRIP = NO;
				DEBUG_INFORMATION_FORMAT = dwarf;
				ENABLE_STRICT_OBJC_MSGSEND = YES;
				ENABLE_TESTABILITY = YES;
				GCC_C_LANGUAGE_STANDARD = gnu11;
				GCC_DYNAMIC_NO_PIC = NO;
				GCC_NO_COMMON_BLOCKS = YES;
				GCC_OPTIMIZATION_LEVEL = 0;
				GCC_PREPROCESSOR_DEFINITIONS = (
					"DEBUG=1",
					"$(inherited)",
				);
				GCC_WARN_64_TO_32_BIT_CONVERSION = YES;
				GCC_WARN_ABOUT_RETURN_TYPE = YES_ERROR;
				GCC_WARN_UNDECLARED_SELECTOR = YES;
				GCC_WARN_UNINITIALIZED_AUTOS = YES_AGGRESSIVE;
				GCC_WARN_UNUSED_FUNCTION = YES;
				GCC_WARN_UNUSED_VARIABLE = YES;
				IPHONEOS_DEPLOYMENT_TARGET = 13.2;
				MTL_ENABLE_DEBUG_INFO = INCLUDE_SOURCE;
				MTL_FAST_MATH = YES;
				ONLY_ACTIVE_ARCH = YES;
				SDKROOT = iphoneos;
				SWIFT_ACTIVE_COMPILATION_CONDITIONS = DEBUG;
				SWIFT_OPTIMIZATION_LEVEL = "-Onone";
			};
			name = Debug;
		};
		84F9337B23F835F10046F243 /* Release */ = {
			isa = XCBuildConfiguration;
			buildSettings = {
				ALWAYS_SEARCH_USER_PATHS = NO;
				CLANG_ANALYZER_LOCALIZABILITY_NONLOCALIZED = YES;
				CLANG_ANALYZER_NONNULL = YES;
				CLANG_ANALYZER_NUMBER_OBJECT_CONVERSION = YES_AGGRESSIVE;
				CLANG_CXX_LANGUAGE_STANDARD = "gnu++14";
				CLANG_CXX_LIBRARY = "libc++";
				CLANG_ENABLE_MODULES = YES;
				CLANG_ENABLE_OBJC_ARC = YES;
				CLANG_ENABLE_OBJC_WEAK = YES;
				CLANG_WARN_BLOCK_CAPTURE_AUTORELEASING = YES;
				CLANG_WARN_BOOL_CONVERSION = YES;
				CLANG_WARN_COMMA = YES;
				CLANG_WARN_CONSTANT_CONVERSION = YES;
				CLANG_WARN_DEPRECATED_OBJC_IMPLEMENTATIONS = YES;
				CLANG_WARN_DIRECT_OBJC_ISA_USAGE = YES_ERROR;
				CLANG_WARN_DOCUMENTATION_COMMENTS = YES;
				CLANG_WARN_EMPTY_BODY = YES;
				CLANG_WARN_ENUM_CONVERSION = YES;
				CLANG_WARN_INFINITE_RECURSION = YES;
				CLANG_WARN_INT_CONVERSION = YES;
				CLANG_WARN_NON_LITERAL_NULL_CONVERSION = YES;
				CLANG_WARN_OBJC_IMPLICIT_RETAIN_SELF = YES;
				CLANG_WARN_OBJC_LITERAL_CONVERSION = YES;
				CLANG_WARN_OBJC_ROOT_CLASS = YES_ERROR;
				CLANG_WARN_RANGE_LOOP_ANALYSIS = YES;
				CLANG_WARN_STRICT_PROTOTYPES = YES;
				CLANG_WARN_SUSPICIOUS_MOVE = YES;
				CLANG_WARN_UNGUARDED_AVAILABILITY = YES_AGGRESSIVE;
				CLANG_WARN_UNREACHABLE_CODE = YES;
				CLANG_WARN__DUPLICATE_METHOD_MATCH = YES;
				COPY_PHASE_STRIP = NO;
				DEBUG_INFORMATION_FORMAT = "dwarf-with-dsym";
				ENABLE_NS_ASSERTIONS = NO;
				ENABLE_STRICT_OBJC_MSGSEND = YES;
				GCC_C_LANGUAGE_STANDARD = gnu11;
				GCC_NO_COMMON_BLOCKS = YES;
				GCC_WARN_64_TO_32_BIT_CONVERSION = YES;
				GCC_WARN_ABOUT_RETURN_TYPE = YES_ERROR;
				GCC_WARN_UNDECLARED_SELECTOR = YES;
				GCC_WARN_UNINITIALIZED_AUTOS = YES_AGGRESSIVE;
				GCC_WARN_UNUSED_FUNCTION = YES;
				GCC_WARN_UNUSED_VARIABLE = YES;
				IPHONEOS_DEPLOYMENT_TARGET = 13.2;
				MTL_ENABLE_DEBUG_INFO = NO;
				MTL_FAST_MATH = YES;
				SDKROOT = iphoneos;
				SWIFT_COMPILATION_MODE = wholemodule;
				SWIFT_OPTIMIZATION_LEVEL = "-O";
				VALIDATE_PRODUCT = YES;
			};
			name = Release;
		};
		84F9337D23F835F10046F243 /* Debug */ = {
			isa = XCBuildConfiguration;
			baseConfigurationReference = CF6EA920AF6992A50A2BB3E5 /* Pods-MovieWorld.debug.xcconfig */;
			buildSettings = {
				CODE_SIGN_STYLE = Automatic;
				DEVELOPMENT_TEAM = HWKB54QJ7K;
				INFOPLIST_FILE = MovieWorld/Info.plist;
				IPHONEOS_DEPLOYMENT_TARGET = 11.2;
				LD_RUNPATH_SEARCH_PATHS = (
					"$(inherited)",
					"@executable_path/Frameworks",
				);
				PRODUCT_BUNDLE_IDENTIFIER = com.kuricyna.MovieWorld;
				PRODUCT_NAME = "$(TARGET_NAME)";
				SWIFT_VERSION = 5.0;
				TARGETED_DEVICE_FAMILY = 1;
			};
			name = Debug;
		};
		84F9337E23F835F10046F243 /* Release */ = {
			isa = XCBuildConfiguration;
			baseConfigurationReference = CC6029B36009B915AB17DD79 /* Pods-MovieWorld.release.xcconfig */;
			buildSettings = {
				CODE_SIGN_STYLE = Automatic;
				DEVELOPMENT_TEAM = HWKB54QJ7K;
				INFOPLIST_FILE = MovieWorld/Info.plist;
				IPHONEOS_DEPLOYMENT_TARGET = 11.2;
				LD_RUNPATH_SEARCH_PATHS = (
					"$(inherited)",
					"@executable_path/Frameworks",
				);
				PRODUCT_BUNDLE_IDENTIFIER = com.kuricyna.MovieWorld;
				PRODUCT_NAME = "$(TARGET_NAME)";
				SWIFT_VERSION = 5.0;
				TARGETED_DEVICE_FAMILY = 1;
			};
			name = Release;
		};
		84F9338023F835F10046F243 /* Debug */ = {
			isa = XCBuildConfiguration;
			baseConfigurationReference = A3DF85F2F84CA3ABCFFB4AF2 /* Pods-MovieWorldTests.debug.xcconfig */;
			buildSettings = {
				ALWAYS_EMBED_SWIFT_STANDARD_LIBRARIES = YES;
				BUNDLE_LOADER = "$(TEST_HOST)";
				CODE_SIGN_STYLE = Automatic;
				DEVELOPMENT_TEAM = HWKB54QJ7K;
				INFOPLIST_FILE = MovieWorldTests/Info.plist;
				IPHONEOS_DEPLOYMENT_TARGET = 13.2;
				LD_RUNPATH_SEARCH_PATHS = (
					"$(inherited)",
					"@executable_path/Frameworks",
					"@loader_path/Frameworks",
				);
				PRODUCT_BUNDLE_IDENTIFIER = com.kuricyna.MovieWorldTests;
				PRODUCT_NAME = "$(TARGET_NAME)";
				SWIFT_VERSION = 5.0;
				TARGETED_DEVICE_FAMILY = "1,2";
				TEST_HOST = "$(BUILT_PRODUCTS_DIR)/MovieWorld.app/MovieWorld";
			};
			name = Debug;
		};
		84F9338123F835F10046F243 /* Release */ = {
			isa = XCBuildConfiguration;
			baseConfigurationReference = 370E8CE6E5B398860C02D862 /* Pods-MovieWorldTests.release.xcconfig */;
			buildSettings = {
				ALWAYS_EMBED_SWIFT_STANDARD_LIBRARIES = YES;
				BUNDLE_LOADER = "$(TEST_HOST)";
				CODE_SIGN_STYLE = Automatic;
				DEVELOPMENT_TEAM = HWKB54QJ7K;
				INFOPLIST_FILE = MovieWorldTests/Info.plist;
				IPHONEOS_DEPLOYMENT_TARGET = 13.2;
				LD_RUNPATH_SEARCH_PATHS = (
					"$(inherited)",
					"@executable_path/Frameworks",
					"@loader_path/Frameworks",
				);
				PRODUCT_BUNDLE_IDENTIFIER = com.kuricyna.MovieWorldTests;
				PRODUCT_NAME = "$(TARGET_NAME)";
				SWIFT_VERSION = 5.0;
				TARGETED_DEVICE_FAMILY = "1,2";
				TEST_HOST = "$(BUILT_PRODUCTS_DIR)/MovieWorld.app/MovieWorld";
			};
			name = Release;
		};
		84F9338323F835F10046F243 /* Debug */ = {
			isa = XCBuildConfiguration;
			baseConfigurationReference = 48B47F2D75002E9B6A8011E8 /* Pods-MovieWorld-MovieWorldUITests.debug.xcconfig */;
			buildSettings = {
				ALWAYS_EMBED_SWIFT_STANDARD_LIBRARIES = YES;
				CODE_SIGN_STYLE = Automatic;
				DEVELOPMENT_TEAM = HWKB54QJ7K;
				INFOPLIST_FILE = MovieWorldUITests/Info.plist;
				LD_RUNPATH_SEARCH_PATHS = (
					"$(inherited)",
					"@executable_path/Frameworks",
					"@loader_path/Frameworks",
				);
				PRODUCT_BUNDLE_IDENTIFIER = com.kuricyna.MovieWorldUITests;
				PRODUCT_NAME = "$(TARGET_NAME)";
				SWIFT_VERSION = 5.0;
				TARGETED_DEVICE_FAMILY = "1,2";
				TEST_TARGET_NAME = MovieWorld;
			};
			name = Debug;
		};
		84F9338423F835F10046F243 /* Release */ = {
			isa = XCBuildConfiguration;
			baseConfigurationReference = E32311FCC62192926DD9C59E /* Pods-MovieWorld-MovieWorldUITests.release.xcconfig */;
			buildSettings = {
				ALWAYS_EMBED_SWIFT_STANDARD_LIBRARIES = YES;
				CODE_SIGN_STYLE = Automatic;
				DEVELOPMENT_TEAM = HWKB54QJ7K;
				INFOPLIST_FILE = MovieWorldUITests/Info.plist;
				LD_RUNPATH_SEARCH_PATHS = (
					"$(inherited)",
					"@executable_path/Frameworks",
					"@loader_path/Frameworks",
				);
				PRODUCT_BUNDLE_IDENTIFIER = com.kuricyna.MovieWorldUITests;
				PRODUCT_NAME = "$(TARGET_NAME)";
				SWIFT_VERSION = 5.0;
				TARGETED_DEVICE_FAMILY = "1,2";
				TEST_TARGET_NAME = MovieWorld;
			};
			name = Release;
		};
/* End XCBuildConfiguration section */

/* Begin XCConfigurationList section */
		84F9334D23F835F00046F243 /* Build configuration list for PBXProject "MovieWorld" */ = {
			isa = XCConfigurationList;
			buildConfigurations = (
				84F9337A23F835F10046F243 /* Debug */,
				84F9337B23F835F10046F243 /* Release */,
			);
			defaultConfigurationIsVisible = 0;
			defaultConfigurationName = Release;
		};
		84F9337C23F835F10046F243 /* Build configuration list for PBXNativeTarget "MovieWorld" */ = {
			isa = XCConfigurationList;
			buildConfigurations = (
				84F9337D23F835F10046F243 /* Debug */,
				84F9337E23F835F10046F243 /* Release */,
			);
			defaultConfigurationIsVisible = 0;
			defaultConfigurationName = Release;
		};
		84F9337F23F835F10046F243 /* Build configuration list for PBXNativeTarget "MovieWorldTests" */ = {
			isa = XCConfigurationList;
			buildConfigurations = (
				84F9338023F835F10046F243 /* Debug */,
				84F9338123F835F10046F243 /* Release */,
			);
			defaultConfigurationIsVisible = 0;
			defaultConfigurationName = Release;
		};
		84F9338223F835F10046F243 /* Build configuration list for PBXNativeTarget "MovieWorldUITests" */ = {
			isa = XCConfigurationList;
			buildConfigurations = (
				84F9338323F835F10046F243 /* Debug */,
				84F9338423F835F10046F243 /* Release */,
			);
			defaultConfigurationIsVisible = 0;
			defaultConfigurationName = Release;
		};
/* End XCConfigurationList section */
	};
	rootObject = 84F9334A23F835F00046F243 /* Project object */;
}
